{
  "version": 4,
  "terraform_version": "0.12.8",
  "serial": 148,
  "lineage": "c0f16045-cb0c-e9a8-0609-6d878c4a466b",
  "outputs": {
    "external_ip_address_app": {
      "value": [
        "178.154.228.127",
        "178.154.204.130"
      ],
      "type": [
        "tuple",
        [
          "string",
          "string"
        ]
      ]
    },
    "external_ip_address_lb": {
      "value": [
        "178.154.240.54"
      ],
      "type": [
        "list",
        "string"
      ]
    }
  },
  "resources": [
    {
      "mode": "managed",
      "type": "yandex_compute_instance",
      "name": "app",
      "each": "list",
      "provider": "provider.yandex",
      "instances": [
        {
          "index_key": 0,
          "schema_version": 1,
          "attributes": {
            "allow_stopping_for_update": null,
            "boot_disk": [
              {
                "auto_delete": true,
                "device_name": "fhmrdv3498okjtnl5drr",
                "disk_id": "fhmrdv3498okjtnl5drr",
                "initialize_params": [
                  {
                    "description": "",
                    "image_id": "fd8vp42ofrdekrpaiu3h",
                    "name": "",
                    "size": 10,
                    "snapshot_id": "",
                    "type": "network-hdd"
                  }
                ],
                "mode": "READ_WRITE"
              }
            ],
            "created_at": "2022-10-25T09:30:56Z",
            "description": "",
            "folder_id": "b1gl0ur70v6b2cqcn4aa",
            "fqdn": "reddit-app0.internal",
            "hostname": "reddit-app0",
            "id": "fhmmkqo76co2ju4d4kkg",
            "labels": null,
            "metadata": {
              "ssh-keys": "ubuntu:ssh-rsa AAAAB3NzaC1yc2EAAAADAQABAAABgQDN/iyT/u3qYTINujfCJzuF5s88Qy4dbefL3ZLjXWPPQeaAM0N4oZtCCNFxGrNKEBGbaf1HnPVWzFicOC8bqg/UDGe/rMZrX0g+eHnQouz/IJr4UKzQdmz+flslDhtYm/rYluFEyjw5a1gvWkr1dI1yiR2o1entFbe3USoMoIfvsuwW1DTWQbyTGZLtTmfELalC9IeqFuIMAc2aDMKbhPMTCW1QMpXSBIJdWrvlfS8daemF5U7LXNC6n3DKww8jGP8MA68tgAKEpzfmFKWEwEWuySXpAp1acv433x8qCXSVY9DdduaBFHiDX35TNIracYMwB4tMGbdtJmbLjtGbYpvPWexgKABmik24Tt0QukGbS4sZghqQcDN7PLuzhrrMe+Vw/oDezeOKFPK45hleCk0HJyhEF8Dh+1MM+fl2Y3mrsRMH07iW48PvFOS1bVwM7X3YW2kwltk0C3vWG+iPNQiKLpnd0CXjREPfKsCHwqvCUsWQ5QMNp8U+5Mon00Z6JOU= root@vm-debian-moiseev\n"
            },
            "name": "reddit-app0",
            "network_acceleration_type": "standard",
            "network_interface": [
              {
                "index": 0,
                "ip_address": "10.128.0.15",
                "ipv6": false,
                "ipv6_address": "",
                "mac_address": "d0:0d:16:a6:b0:73",
                "nat": true,
                "nat_ip_address": "178.154.228.127",
                "nat_ip_version": "IPV4",
                "subnet_id": "e9b8lj33a9gnkst3o7ha"
              }
            ],
            "platform_id": "standard-v1",
            "resources": [
              {
                "core_fraction": 20,
                "cores": 2,
                "gpus": 0,
                "memory": 2
              }
            ],
            "scheduling_policy": [
              {
                "preemptible": false
              }
            ],
            "secondary_disk": [],
            "service_account_id": "",
            "status": "running",
            "timeouts": null,
            "zone": "ru-central1-a"
          },
          "private": "eyJlMmJmYjczMC1lY2FhLTExZTYtOGY4OC0zNDM2M2JjN2M0YzAiOnsiY3JlYXRlIjozMDAwMDAwMDAwMDAsImRlbGV0ZSI6MzAwMDAwMDAwMDAwLCJ1cGRhdGUiOjMwMDAwMDAwMDAwMH0sInNjaGVtYV92ZXJzaW9uIjoiMSJ9"
        },
        {
          "index_key": 1,
          "schema_version": 1,
          "attributes": {
            "allow_stopping_for_update": null,
            "boot_disk": [
              {
                "auto_delete": true,
                "device_name": "fhm9saek2oln4deuegme",
                "disk_id": "fhm9saek2oln4deuegme",
                "initialize_params": [
                  {
                    "description": "",
                    "image_id": "fd8vp42ofrdekrpaiu3h",
                    "name": "",
                    "size": 10,
                    "snapshot_id": "",
                    "type": "network-hdd"
                  }
                ],
                "mode": "READ_WRITE"
              }
            ],
            "created_at": "2022-10-25T09:30:56Z",
            "description": "",
            "folder_id": "b1gl0ur70v6b2cqcn4aa",
            "fqdn": "reddit-app1.internal",
            "hostname": "reddit-app1",
            "id": "fhmun9icfbtgu7kr4ka7",
            "labels": null,
            "metadata": {
              "ssh-keys": "ubuntu:ssh-rsa AAAAB3NzaC1yc2EAAAADAQABAAABgQDN/iyT/u3qYTINujfCJzuF5s88Qy4dbefL3ZLjXWPPQeaAM0N4oZtCCNFxGrNKEBGbaf1HnPVWzFicOC8bqg/UDGe/rMZrX0g+eHnQouz/IJr4UKzQdmz+flslDhtYm/rYluFEyjw5a1gvWkr1dI1yiR2o1entFbe3USoMoIfvsuwW1DTWQbyTGZLtTmfELalC9IeqFuIMAc2aDMKbhPMTCW1QMpXSBIJdWrvlfS8daemF5U7LXNC6n3DKww8jGP8MA68tgAKEpzfmFKWEwEWuySXpAp1acv433x8qCXSVY9DdduaBFHiDX35TNIracYMwB4tMGbdtJmbLjtGbYpvPWexgKABmik24Tt0QukGbS4sZghqQcDN7PLuzhrrMe+Vw/oDezeOKFPK45hleCk0HJyhEF8Dh+1MM+fl2Y3mrsRMH07iW48PvFOS1bVwM7X3YW2kwltk0C3vWG+iPNQiKLpnd0CXjREPfKsCHwqvCUsWQ5QMNp8U+5Mon00Z6JOU= root@vm-debian-moiseev\n"
            },
            "name": "reddit-app1",
            "network_acceleration_type": "standard",
            "network_interface": [
              {
                "index": 0,
                "ip_address": "10.128.0.33",
                "ipv6": false,
                "ipv6_address": "",
                "mac_address": "d0:0d:1e:ba:64:c7",
                "nat": true,
                "nat_ip_address": "178.154.204.130",
                "nat_ip_version": "IPV4",
                "subnet_id": "e9b8lj33a9gnkst3o7ha"
              }
            ],
            "platform_id": "standard-v1",
            "resources": [
              {
                "core_fraction": 20,
                "cores": 2,
                "gpus": 0,
                "memory": 2
              }
            ],
            "scheduling_policy": [
              {
                "preemptible": false
              }
            ],
            "secondary_disk": [],
            "service_account_id": "",
            "status": "running",
            "timeouts": null,
            "zone": "ru-central1-a"
          },
          "private": "eyJlMmJmYjczMC1lY2FhLTExZTYtOGY4OC0zNDM2M2JjN2M0YzAiOnsiY3JlYXRlIjozMDAwMDAwMDAwMDAsImRlbGV0ZSI6MzAwMDAwMDAwMDAwLCJ1cGRhdGUiOjMwMDAwMDAwMDAwMH0sInNjaGVtYV92ZXJzaW9uIjoiMSJ9"
        }
      ]
    },
    {
      "mode": "managed",
      "type": "yandex_lb_network_load_balancer",
      "name": "applb",
      "provider": "provider.yandex",
      "instances": [
        {
          "schema_version": 0,
          "attributes": {
            "attached_target_group": [
              {
                "healthcheck": [
                  {
                    "healthy_threshold": 2,
                    "http_options": [
                      {
                        "path": "/",
                        "port": 9292
                      }
                    ],
                    "interval": 2,
                    "name": "http",
                    "tcp_options": [],
                    "timeout": 1,
                    "unhealthy_threshold": 2
                  }
                ],
                "target_group_id": "enp1a51a7fei75kc7474"
              }
            ],
            "created_at": "2022-10-25T09:33:16Z",
            "description": "",
            "folder_id": "b1gl0ur70v6b2cqcn4aa",
            "id": "enpfsvppve2du2knc1l0",
            "labels": null,
            "listener": [
              {
                "external_address_spec": [
                  {
                    "address": "178.154.240.54",
                    "ip_version": "ipv4"
                  }
                ],
                "internal_address_spec": [],
                "name": "app-listener",
                "port": 80,
                "protocol": "tcp",
                "target_port": 9292
              }
            ],
            "name": "app-loadbalancer",
            "region_id": "ru-central1",
            "timeouts": null,
            "type": "external"
          },
          "private": "eyJlMmJmYjczMC1lY2FhLTExZTYtOGY4OC0zNDM2M2JjN2M0YzAiOnsiY3JlYXRlIjozMDAwMDAwMDAwMDAsImRlbGV0ZSI6MzAwMDAwMDAwMDAwLCJ1cGRhdGUiOjMwMDAwMDAwMDAwMH19",
          "depends_on": [
            "yandex_lb_target_group.app"
          ]
        }
      ]
    },
    {
      "mode": "managed",
      "type": "yandex_lb_target_group",
      "name": "app",
      "provider": "provider.yandex",
      "instances": [
        {
          "schema_version": 0,
          "attributes": {
            "created_at": "2022-10-25T09:33:14Z",
            "description": "",
            "folder_id": "b1gl0ur70v6b2cqcn4aa",
            "id": "enp1a51a7fei75kc7474",
            "labels": null,
            "name": "app",
            "region_id": "ru-central1",
            "target": [
              {
                "address": "10.128.0.15",
                "subnet_id": "e9b8lj33a9gnkst3o7ha"
              },
              {
                "address": "10.128.0.33",
                "subnet_id": "e9b8lj33a9gnkst3o7ha"
              }
            ],
            "timeouts": null
          },
          "private": "eyJlMmJmYjczMC1lY2FhLTExZTYtOGY4OC0zNDM2M2JjN2M0YzAiOnsiY3JlYXRlIjozMDAwMDAwMDAwMDAsImRlbGV0ZSI6MzAwMDAwMDAwMDAwLCJ1cGRhdGUiOjMwMDAwMDAwMDAwMH19",
          "depends_on": [
            "yandex_compute_instance.app"
          ]
        }
      ]
    }
  ]
}
